
Microsoft Visual Studio Solution File, Format Version 12.00
# Visual Studio Version 17
VisualStudioVersion = 17.5.002.0
MinimumVisualStudioVersion = 10.0.40219.1
Project("{2150E333-8FDC-42A3-9474-1A3956D46DE8}") = "csharp-prep", "csharp-prep", "{11BB9AEE-B9A0-4C2F-BC8C-C01D62DE615B}"
EndProject
Project("{9A19103F-16F7-4668-BE54-9A1E7A4F7556}") = "Prep1", "csharp-prep\Prep1\Prep1.csproj", "{540DF677-E800-4C8A-A290-D6A24988D590}"
EndProject
Project("{9A19103F-16F7-4668-BE54-9A1E7A4F7556}") = "Prep2", "csharp-prep\Prep2\Prep2.csproj", "{FF004307-9436-40BF-A7C4-28176DBC93B7}"
EndProject
Project("{9A19103F-16F7-4668-BE54-9A1E7A4F7556}") = "Prep3", "csharp-prep\Prep3\Prep3.csproj", "{13F7C33E-40F0-4D8E-B429-A6E949B093A0}"
EndProject
Project("{9A19103F-16F7-4668-BE54-9A1E7A4F7556}") = "Prep4", "csharp-prep\Prep4\Prep4.csproj", "{C92745CD-587D-4C98-9EB9-6D03C960DE28}"
EndProject
Project("{9A19103F-16F7-4668-BE54-9A1E7A4F7556}") = "Prep5", "csharp-prep\Prep5\Prep5.csproj", "{D3FBD1A8-A4C4-4475-ACDA-973807289141}"
EndProject
Project("{2150E333-8FDC-42A3-9474-1A3956D46DE8}") = "final", "final", "{74E5DC6F-BB0F-4ACE-BED2-3C0814DC3D65}"
EndProject
Project("{9A19103F-16F7-4668-BE54-9A1E7A4F7556}") = "FinalProject", "final\FinalProject\FinalProject.csproj", "{7F58BA75-1D21-46AB-84CB-59E8404C4DA0}"
EndProject
Project("{9A19103F-16F7-4668-BE54-9A1E7A4F7556}") = "Foundation1", "final\Foundation1\Foundation1.csproj", "{16983713-CB2F-426D-8ACD-CB3DFFF35297}"
EndProject
Project("{9A19103F-16F7-4668-BE54-9A1E7A4F7556}") = "Foundation2", "final\Foundation2\Foundation2.csproj", "{83C0D788-1978-447B-B2D0-38F0FAAAEBC6}"
EndProject
Project("{9A19103F-16F7-4668-BE54-9A1E7A4F7556}") = "Foundation3", "final\Foundation3\Foundation3.csproj", "{957298B2-6611-4992-8E37-301308C00C1D}"
EndProject
Project("{9A19103F-16F7-4668-BE54-9A1E7A4F7556}") = "Foundation4", "final\Foundation4\Foundation4.csproj", "{BBC36DCC-8530-4B3C-B3AB-749438317D39}"
EndProject
Project("{2150E333-8FDC-42A3-9474-1A3956D46DE8}") = "prepare", "prepare", "{0A97BAFE-EA75-439C-B808-B29D7A5417D2}"
EndProject
Project("{9A19103F-16F7-4668-BE54-9A1E7A4F7556}") = "Learning02", "prepare\Learning02\Learning02.csproj", "{C9DCB1F4-97F4-49AC-8D78-5AB76E56FE27}"
EndProject
Project("{9A19103F-16F7-4668-BE54-9A1E7A4F7556}") = "Learning03", "prepare\Learning03\Learning03.csproj", "{1207068C-BF3F-4B26-AAB4-DAC141029114}"
EndProject
Project("{9A19103F-16F7-4668-BE54-9A1E7A4F7556}") = "Learning04", "prepare\Learning04\Learning04.csproj", "{3F92F035-9486-4F20-B039-B82B2DFC2693}"
EndProject
Project("{9A19103F-16F7-4668-BE54-9A1E7A4F7556}") = "Learning05", "prepare\Learning05\Learning05.csproj", "{91747E0B-76EE-478C-B590-6A03AABE21CE}"
EndProject
Project("{2150E333-8FDC-42A3-9474-1A3956D46DE8}") = "prove", "prove", "{B86F8A0D-2A6C-4114-A193-87EDE0855385}"
EndProject
Project("{9A19103F-16F7-4668-BE54-9A1E7A4F7556}") = "Develop02", "prove\Develop02\Develop02.csproj", "{CC852BCF-6466-4C8A-89DD-283292D3C496}"
EndProject
Project("{9A19103F-16F7-4668-BE54-9A1E7A4F7556}") = "Develop03", "prove\Develop03\Develop03.csproj", "{841580D3-3250-4741-B4A9-F35C07F1DDE6}"
EndProject
Project("{9A19103F-16F7-4668-BE54-9A1E7A4F7556}") = "Develop04", "prove\Develop04\Develop04.csproj", "{045EEACB-288A-49A5-93E4-8CE557BA3A1C}"
EndProject
Project("{9A19103F-16F7-4668-BE54-9A1E7A4F7556}") = "Develop05", "prove\Develop05\Develop05.csproj", "{7F4FD21D-B29C-4064-BCE5-593B00233FFB}"
EndProject
Project("{2150E333-8FDC-42A3-9474-1A3956D46DE8}") = "sandbox", "sandbox", "{02A5AB28-E7DB-456A-A2A6-CA47BB756201}"
EndProject
Project("{9A19103F-16F7-4668-BE54-9A1E7A4F7556}") = "Sandbox", "sandbox\Sandbox\Sandbox.csproj", "{FDC3D0DB-B6EE-426D-A41A-E8A5BA095C22}"
EndProject
Global
	GlobalSection(SolutionConfigurationPlatforms) = preSolution
		Debug|Any CPU = Debug|Any CPU
		Release|Any CPU = Release|Any CPU
	EndGlobalSection
	GlobalSection(ProjectConfigurationPlatforms) = postSolution
		{540DF677-E800-4C8A-A290-D6A24988D590}.Debug|Any CPU.ActiveCfg = Debug|Any CPU
		{540DF677-E800-4C8A-A290-D6A24988D590}.Debug|Any CPU.Build.0 = Debug|Any CPU
		{540DF677-E800-4C8A-A290-D6A24988D590}.Release|Any CPU.ActiveCfg = Release|Any CPU
		{540DF677-E800-4C8A-A290-D6A24988D590}.Release|Any CPU.Build.0 = Release|Any CPU
		{FF004307-9436-40BF-A7C4-28176DBC93B7}.Debug|Any CPU.ActiveCfg = Debug|Any CPU
		{FF004307-9436-40BF-A7C4-28176DBC93B7}.Debug|Any CPU.Build.0 = Debug|Any CPU
		{FF004307-9436-40BF-A7C4-28176DBC93B7}.Release|Any CPU.ActiveCfg = Release|Any CPU
		{FF004307-9436-40BF-A7C4-28176DBC93B7}.Release|Any CPU.Build.0 = Release|Any CPU
		{13F7C33E-40F0-4D8E-B429-A6E949B093A0}.Debug|Any CPU.ActiveCfg = Debug|Any CPU
		{13F7C33E-40F0-4D8E-B429-A6E949B093A0}.Debug|Any CPU.Build.0 = Debug|Any CPU
		{13F7C33E-40F0-4D8E-B429-A6E949B093A0}.Release|Any CPU.ActiveCfg = Release|Any CPU
		{13F7C33E-40F0-4D8E-B429-A6E949B093A0}.Release|Any CPU.Build.0 = Release|Any CPU
		{C92745CD-587D-4C98-9EB9-6D03C960DE28}.Debug|Any CPU.ActiveCfg = Debug|Any CPU
		{C92745CD-587D-4C98-9EB9-6D03C960DE28}.Debug|Any CPU.Build.0 = Debug|Any CPU
		{C92745CD-587D-4C98-9EB9-6D03C960DE28}.Release|Any CPU.ActiveCfg = Release|Any CPU
		{C92745CD-587D-4C98-9EB9-6D03C960DE28}.Release|Any CPU.Build.0 = Release|Any CPU
		{D3FBD1A8-A4C4-4475-ACDA-973807289141}.Debug|Any CPU.ActiveCfg = Debug|Any CPU
		{D3FBD1A8-A4C4-4475-ACDA-973807289141}.Debug|Any CPU.Build.0 = Debug|Any CPU
		{D3FBD1A8-A4C4-4475-ACDA-973807289141}.Release|Any CPU.ActiveCfg = Release|Any CPU
		{D3FBD1A8-A4C4-4475-ACDA-973807289141}.Release|Any CPU.Build.0 = Release|Any CPU
		{7F58BA75-1D21-46AB-84CB-59E8404C4DA0}.Debug|Any CPU.ActiveCfg = Debug|Any CPU
		{7F58BA75-1D21-46AB-84CB-59E8404C4DA0}.Debug|Any CPU.Build.0 = Debug|Any CPU
		{7F58BA75-1D21-46AB-84CB-59E8404C4DA0}.Release|Any CPU.ActiveCfg = Release|Any CPU
		{7F58BA75-1D21-46AB-84CB-59E8404C4DA0}.Release|Any CPU.Build.0 = Release|Any CPU
		{16983713-CB2F-426D-8ACD-CB3DFFF35297}.Debug|Any CPU.ActiveCfg = Debug|Any CPU
		{16983713-CB2F-426D-8ACD-CB3DFFF35297}.Debug|Any CPU.Build.0 = Debug|Any CPU
		{16983713-CB2F-426D-8ACD-CB3DFFF35297}.Release|Any CPU.ActiveCfg = Release|Any CPU
		{16983713-CB2F-426D-8ACD-CB3DFFF35297}.Release|Any CPU.Build.0 = Release|Any CPU
		{83C0D788-1978-447B-B2D0-38F0FAAAEBC6}.Debug|Any CPU.ActiveCfg = Debug|Any CPU
		{83C0D788-1978-447B-B2D0-38F0FAAAEBC6}.Debug|Any CPU.Build.0 = Debug|Any CPU
		{83C0D788-1978-447B-B2D0-38F0FAAAEBC6}.Release|Any CPU.ActiveCfg = Release|Any CPU
		{83C0D788-1978-447B-B2D0-38F0FAAAEBC6}.Release|Any CPU.Build.0 = Release|Any CPU
		{957298B2-6611-4992-8E37-301308C00C1D}.Debug|Any CPU.ActiveCfg = Debug|Any CPU
		{957298B2-6611-4992-8E37-301308C00C1D}.Debug|Any CPU.Build.0 = Debug|Any CPU
		{957298B2-6611-4992-8E37-301308C00C1D}.Release|Any CPU.ActiveCfg = Release|Any CPU
		{957298B2-6611-4992-8E37-301308C00C1D}.Release|Any CPU.Build.0 = Release|Any CPU
		{BBC36DCC-8530-4B3C-B3AB-749438317D39}.Debug|Any CPU.ActiveCfg = Debug|Any CPU
		{BBC36DCC-8530-4B3C-B3AB-749438317D39}.Debug|Any CPU.Build.0 = Debug|Any CPU
		{BBC36DCC-8530-4B3C-B3AB-749438317D39}.Release|Any CPU.ActiveCfg = Release|Any CPU
		{BBC36DCC-8530-4B3C-B3AB-749438317D39}.Release|Any CPU.Build.0 = Release|Any CPU
		{C9DCB1F4-97F4-49AC-8D78-5AB76E56FE27}.Debug|Any CPU.ActiveCfg = Debug|Any CPU
		{C9DCB1F4-97F4-49AC-8D78-5AB76E56FE27}.Debug|Any CPU.Build.0 = Debug|Any CPU
		{C9DCB1F4-97F4-49AC-8D78-5AB76E56FE27}.Release|Any CPU.ActiveCfg = Release|Any CPU
		{C9DCB1F4-97F4-49AC-8D78-5AB76E56FE27}.Release|Any CPU.Build.0 = Release|Any CPU
		{1207068C-BF3F-4B26-AAB4-DAC141029114}.Debug|Any CPU.ActiveCfg = Debug|Any CPU
		{1207068C-BF3F-4B26-AAB4-DAC141029114}.Debug|Any CPU.Build.0 = Debug|Any CPU
		{1207068C-BF3F-4B26-AAB4-DAC141029114}.Release|Any CPU.ActiveCfg = Release|Any CPU
		{1207068C-BF3F-4B26-AAB4-DAC141029114}.Release|Any CPU.Build.0 = Release|Any CPU
		{3F92F035-9486-4F20-B039-B82B2DFC2693}.Debug|Any CPU.ActiveCfg = Debug|Any CPU
		{3F92F035-9486-4F20-B039-B82B2DFC2693}.Debug|Any CPU.Build.0 = Debug|Any CPU
		{3F92F035-9486-4F20-B039-B82B2DFC2693}.Release|Any CPU.ActiveCfg = Release|Any CPU
		{3F92F035-9486-4F20-B039-B82B2DFC2693}.Release|Any CPU.Build.0 = Release|Any CPU
		{91747E0B-76EE-478C-B590-6A03AABE21CE}.Debug|Any CPU.ActiveCfg = Debug|Any CPU
		{91747E0B-76EE-478C-B590-6A03AABE21CE}.Debug|Any CPU.Build.0 = Debug|Any CPU
		{91747E0B-76EE-478C-B590-6A03AABE21CE}.Release|Any CPU.ActiveCfg = Release|Any CPU
		{91747E0B-76EE-478C-B590-6A03AABE21CE}.Release|Any CPU.Build.0 = Release|Any CPU
		{CC852BCF-6466-4C8A-89DD-283292D3C496}.Debug|Any CPU.ActiveCfg = Debug|Any CPU
		{CC852BCF-6466-4C8A-89DD-283292D3C496}.Debug|Any CPU.Build.0 = Debug|Any CPU
		{CC852BCF-6466-4C8A-89DD-283292D3C496}.Release|Any CPU.ActiveCfg = Release|Any CPU
		{CC852BCF-6466-4C8A-89DD-283292D3C496}.Release|Any CPU.Build.0 = Release|Any CPU
		{841580D3-3250-4741-B4A9-F35C07F1DDE6}.Debug|Any CPU.ActiveCfg = Debug|Any CPU
		{841580D3-3250-4741-B4A9-F35C07F1DDE6}.Debug|Any CPU.Build.0 = Debug|Any CPU
		{841580D3-3250-4741-B4A9-F35C07F1DDE6}.Release|Any CPU.ActiveCfg = Release|Any CPU
		{841580D3-3250-4741-B4A9-F35C07F1DDE6}.Release|Any CPU.Build.0 = Release|Any CPU
		{045EEACB-288A-49A5-93E4-8CE557BA3A1C}.Debug|Any CPU.ActiveCfg = Debug|Any CPU
		{045EEACB-288A-49A5-93E4-8CE557BA3A1C}.Debug|Any CPU.Build.0 = Debug|Any CPU
		{045EEACB-288A-49A5-93E4-8CE557BA3A1C}.Release|Any CPU.ActiveCfg = Release|Any CPU
		{045EEACB-288A-49A5-93E4-8CE557BA3A1C}.Release|Any CPU.Build.0 = Release|Any CPU
		{7F4FD21D-B29C-4064-BCE5-593B00233FFB}.Debug|Any CPU.ActiveCfg = Debug|Any CPU
		{7F4FD21D-B29C-4064-BCE5-593B00233FFB}.Debug|Any CPU.Build.0 = Debug|Any CPU
		{7F4FD21D-B29C-4064-BCE5-593B00233FFB}.Release|Any CPU.ActiveCfg = Release|Any CPU
		{7F4FD21D-B29C-4064-BCE5-593B00233FFB}.Release|Any CPU.Build.0 = Release|Any CPU
		{FDC3D0DB-B6EE-426D-A41A-E8A5BA095C22}.Debug|Any CPU.ActiveCfg = Debug|Any CPU
		{FDC3D0DB-B6EE-426D-A41A-E8A5BA095C22}.Debug|Any CPU.Build.0 = Debug|Any CPU
		{FDC3D0DB-B6EE-426D-A41A-E8A5BA095C22}.Release|Any CPU.ActiveCfg = Release|Any CPU
		{FDC3D0DB-B6EE-426D-A41A-E8A5BA095C22}.Release|Any CPU.Build.0 = Release|Any CPU
	EndGlobalSection
	GlobalSection(SolutionProperties) = preSolution
		HideSolutionNode = FALSE
	EndGlobalSection
	GlobalSection(NestedProjects) = preSolution
		{540DF677-E800-4C8A-A290-D6A24988D590} = {11BB9AEE-B9A0-4C2F-BC8C-C01D62DE615B}
		{FF004307-9436-40BF-A7C4-28176DBC93B7} = {11BB9AEE-B9A0-4C2F-BC8C-C01D62DE615B}
		{13F7C33E-40F0-4D8E-B429-A6E949B093A0} = {11BB9AEE-B9A0-4C2F-BC8C-C01D62DE615B}
		{C92745CD-587D-4C98-9EB9-6D03C960DE28} = {11BB9AEE-B9A0-4C2F-BC8C-C01D62DE615B}
		{D3FBD1A8-A4C4-4475-ACDA-973807289141} = {11BB9AEE-B9A0-4C2F-BC8C-C01D62DE615B}
		{7F58BA75-1D21-46AB-84CB-59E8404C4DA0} = {74E5DC6F-BB0F-4ACE-BED2-3C0814DC3D65}
		{16983713-CB2F-426D-8ACD-CB3DFFF35297} = {74E5DC6F-BB0F-4ACE-BED2-3C0814DC3D65}
		{83C0D788-1978-447B-B2D0-38F0FAAAEBC6} = {74E5DC6F-BB0F-4ACE-BED2-3C0814DC3D65}
		{957298B2-6611-4992-8E37-301308C00C1D} = {74E5DC6F-BB0F-4ACE-BED2-3C0814DC3D65}
		{BBC36DCC-8530-4B3C-B3AB-749438317D39} = {74E5DC6F-BB0F-4ACE-BED2-3C0814DC3D65}
		{C9DCB1F4-97F4-49AC-8D78-5AB76E56FE27} = {0A97BAFE-EA75-439C-B808-B29D7A5417D2}
		{1207068C-BF3F-4B26-AAB4-DAC141029114} = {0A97BAFE-EA75-439C-B808-B29D7A5417D2}
		{3F92F035-9486-4F20-B039-B82B2DFC2693} = {0A97BAFE-EA75-439C-B808-B29D7A5417D2}
		{91747E0B-76EE-478C-B590-6A03AABE21CE} = {0A97BAFE-EA75-439C-B808-B29D7A5417D2}
		{CC852BCF-6466-4C8A-89DD-283292D3C496} = {B86F8A0D-2A6C-4114-A193-87EDE0855385}
		{841580D3-3250-4741-B4A9-F35C07F1DDE6} = {B86F8A0D-2A6C-4114-A193-87EDE0855385}
		{045EEACB-288A-49A5-93E4-8CE557BA3A1C} = {B86F8A0D-2A6C-4114-A193-87EDE0855385}
		{7F4FD21D-B29C-4064-BCE5-593B00233FFB} = {B86F8A0D-2A6C-4114-A193-87EDE0855385}
		{FDC3D0DB-B6EE-426D-A41A-E8A5BA095C22} = {02A5AB28-E7DB-456A-A2A6-CA47BB756201}
	EndGlobalSection
	GlobalSection(ExtensibilityGlobals) = postSolution
		SolutionGuid = {1FBB84D1-2741-44DC-9362-1B4633B553C8}
	EndGlobalSection
EndGlobal
